// !$*UTF8*$!
{
	archiveVersion = 1;
	classes = {
	};
	objectVersion = 50;
	objects = {

/* Begin PBXBuildFile section */
		A30161FB20CE9F7500BA4EDE /* GankAction.swift in Sources */ = {isa = PBXBuildFile; fileRef = A30161FA20CE9F7500BA4EDE /* GankAction.swift */; };
		A30161FD20CEC5AE00BA4EDE /* BasePageViewController.swift in Sources */ = {isa = PBXBuildFile; fileRef = A30161FC20CEC5AE00BA4EDE /* BasePageViewController.swift */; };
		A301D1A120A7FECD007A132B /* UIColor.swift in Sources */ = {isa = PBXBuildFile; fileRef = A301D1A020A7FECD007A132B /* UIColor.swift */; };
		A301D1A420A80AD0007A132B /* UIView.swift in Sources */ = {isa = PBXBuildFile; fileRef = A301D1A320A80AD0007A132B /* UIView.swift */; };
		A304FE1D20B30C6C007B3A49 /* RefreshControlExtensions.swift in Sources */ = {isa = PBXBuildFile; fileRef = A304FE1A20B30C6C007B3A49 /* RefreshControlExtensions.swift */; };
		A304FE1E20B30C6C007B3A49 /* RefreshControlHeader.swift in Sources */ = {isa = PBXBuildFile; fileRef = A304FE1B20B30C6C007B3A49 /* RefreshControlHeader.swift */; };
		A304FE2020B30CB1007B3A49 /* RefreshControlProtocol.swift in Sources */ = {isa = PBXBuildFile; fileRef = A304FE1F20B30CB1007B3A49 /* RefreshControlProtocol.swift */; };
		A312F2E0209C856000DF5369 /* AppDelegate.swift in Sources */ = {isa = PBXBuildFile; fileRef = A312F2DF209C856000DF5369 /* AppDelegate.swift */; };
		A312F2E2209C856000DF5369 /* HomeViewController.swift in Sources */ = {isa = PBXBuildFile; fileRef = A312F2E1209C856000DF5369 /* HomeViewController.swift */; };
		A312F2E5209C856000DF5369 /* Main.storyboard in Resources */ = {isa = PBXBuildFile; fileRef = A312F2E3209C856000DF5369 /* Main.storyboard */; };
		A312F2E7209C856100DF5369 /* Assets.xcassets in Resources */ = {isa = PBXBuildFile; fileRef = A312F2E6209C856100DF5369 /* Assets.xcassets */; };
		A312F2EA209C856100DF5369 /* LaunchScreen.storyboard in Resources */ = {isa = PBXBuildFile; fileRef = A312F2E8209C856100DF5369 /* LaunchScreen.storyboard */; };
		A312F2F5209C856100DF5369 /* Gank4SwiftyTests.swift in Sources */ = {isa = PBXBuildFile; fileRef = A312F2F4209C856100DF5369 /* Gank4SwiftyTests.swift */; };
		A312F303209C869D00DF5369 /* APIManager.swift in Sources */ = {isa = PBXBuildFile; fileRef = A312F302209C869D00DF5369 /* APIManager.swift */; };
		A312F306209CB08300DF5369 /* DataModel.swift in Sources */ = {isa = PBXBuildFile; fileRef = A312F305209CB08300DF5369 /* DataModel.swift */; };
		A312F30C209CB41F00DF5369 /* DateUtils.swift in Sources */ = {isa = PBXBuildFile; fileRef = A312F30B209CB41F00DF5369 /* DateUtils.swift */; };
		A312F311209CBBC100DF5369 /* ModelPresentable.swift in Sources */ = {isa = PBXBuildFile; fileRef = A312F310209CBBC100DF5369 /* ModelPresentable.swift */; };
		A312F313209CBC0200DF5369 /* DataModelItem.swift in Sources */ = {isa = PBXBuildFile; fileRef = A312F312209CBC0200DF5369 /* DataModelItem.swift */; };
		A312F319209DDAA000DF5369 /* SearchViewController.swift in Sources */ = {isa = PBXBuildFile; fileRef = A312F318209DDAA000DF5369 /* SearchViewController.swift */; };
		A323E36D20A677E300D2DAA9 /* CategoryPageViewController.swift in Sources */ = {isa = PBXBuildFile; fileRef = A323E36C20A677E200D2DAA9 /* CategoryPageViewController.swift */; };
		A32F24EC209EAB5900C456C2 /* CalendarView.swift in Sources */ = {isa = PBXBuildFile; fileRef = A32F24EB209EAB5900C456C2 /* CalendarView.swift */; };
		A32F24EE209F1F7600C456C2 /* CalendarCellViewCollectionViewCell.swift in Sources */ = {isa = PBXBuildFile; fileRef = A32F24ED209F1F7600C456C2 /* CalendarCellViewCollectionViewCell.swift */; };
		A330E6D520B420FC001385F0 /* UserCollectionHeader.swift in Sources */ = {isa = PBXBuildFile; fileRef = A330E6D420B420FC001385F0 /* UserCollectionHeader.swift */; };
		A334E0A120B30EA000CA7828 /* RefreshControlFooter.swift in Sources */ = {isa = PBXBuildFile; fileRef = A334E0A020B30EA000CA7828 /* RefreshControlFooter.swift */; };
		A33FFC2520B3C18500E8B30F /* LocalDataPersistenceManager.swift in Sources */ = {isa = PBXBuildFile; fileRef = A33FFC2420B3C18500E8B30F /* LocalDataPersistenceManager.swift */; };
		A361642420A7ED30007FA5AF /* HUDViewController.swift in Sources */ = {isa = PBXBuildFile; fileRef = A361642320A7ED30007FA5AF /* HUDViewController.swift */; };
		A361642820A7EFB1007FA5AF /* IBDesignableView.swift in Sources */ = {isa = PBXBuildFile; fileRef = A361642720A7EFB1007FA5AF /* IBDesignableView.swift */; };
		A363252320A52DA800C6E5BA /* CategoryViewController.swift in Sources */ = {isa = PBXBuildFile; fileRef = A363252220A52DA800C6E5BA /* CategoryViewController.swift */; };
		A392D3A720CD1655007DD8A1 /* IBDesignableImageView.swift in Sources */ = {isa = PBXBuildFile; fileRef = A392D3A620CD1655007DD8A1 /* IBDesignableImageView.swift */; };
		A3C77CF320C50FE7006E887B /* BannerTableViewCell.swift in Sources */ = {isa = PBXBuildFile; fileRef = A3C77CF220C50FE7006E887B /* BannerTableViewCell.swift */; };
		A3C77CF520C64AD0006E887B /* BannerView.xib in Resources */ = {isa = PBXBuildFile; fileRef = A3C77CF420C64AD0006E887B /* BannerView.xib */; };
		A3C77CF720C65A09006E887B /* BannerView.swift in Sources */ = {isa = PBXBuildFile; fileRef = A3C77CF620C65A09006E887B /* BannerView.swift */; };
		A3C77CFB20C69BC1006E887B /* Kingfisher.framework in Frameworks */ = {isa = PBXBuildFile; fileRef = A3C77CFA20C69BC1006E887B /* Kingfisher.framework */; };
		A3CA44D720A8876B000CCE4D /* UIViewControllerExtension.swift in Sources */ = {isa = PBXBuildFile; fileRef = A3CA44D620A8876B000CCE4D /* UIViewControllerExtension.swift */; };
		A3D2545820BA840F000A28F8 /* CalendarViewController.swift in Sources */ = {isa = PBXBuildFile; fileRef = A3D2545720BA840F000A28F8 /* CalendarViewController.swift */; };
		A3D6A23D20B6909100175274 /* PostViewController.swift in Sources */ = {isa = PBXBuildFile; fileRef = A3D6A23C20B6909100175274 /* PostViewController.swift */; };
		A3D6A24020B6A17100175274 /* IBDesignableButton.swift in Sources */ = {isa = PBXBuildFile; fileRef = A3D6A23F20B6A17100175274 /* IBDesignableButton.swift */; };
		A3E75E5720A03FB900CCB95A /* HomeTabelViewCell.swift in Sources */ = {isa = PBXBuildFile; fileRef = A3E75E5520A03FB900CCB95A /* HomeTabelViewCell.swift */; };
		A3E75E5820A03FB900CCB95A /* HomeTabelViewCell.xib in Resources */ = {isa = PBXBuildFile; fileRef = A3E75E5620A03FB900CCB95A /* HomeTabelViewCell.xib */; };
		A3E75E5A20A0584E00CCB95A /* HomeTableHeaderView.swift in Sources */ = {isa = PBXBuildFile; fileRef = A3E75E5920A0584E00CCB95A /* HomeTableHeaderView.swift */; };
		A3E75E6020A096E800CCB95A /* DetailViewController.swift in Sources */ = {isa = PBXBuildFile; fileRef = A3E75E5F20A096E800CCB95A /* DetailViewController.swift */; };
		A3EE72D620B3E41A00E3EB41 /* UserCollectionViewController.swift in Sources */ = {isa = PBXBuildFile; fileRef = A3EE72D520B3E41A00E3EB41 /* UserCollectionViewController.swift */; };
		A3FD15BE20B6FD85005FFC67 /* UserTableViewController.swift in Sources */ = {isa = PBXBuildFile; fileRef = A3FD15BD20B6FD85005FFC67 /* UserTableViewController.swift */; };
/* End PBXBuildFile section */

/* Begin PBXContainerItemProxy section */
		A312F2F1209C856100DF5369 /* PBXContainerItemProxy */ = {
			isa = PBXContainerItemProxy;
			containerPortal = A312F2D4209C856000DF5369 /* Project object */;
			proxyType = 1;
			remoteGlobalIDString = A312F2DB209C856000DF5369;
			remoteInfo = Gank4Swifty;
		};
/* End PBXContainerItemProxy section */

/* Begin PBXFileReference section */
		A30161FA20CE9F7500BA4EDE /* GankAction.swift */ = {isa = PBXFileReference; lastKnownFileType = sourcecode.swift; path = GankAction.swift; sourceTree = "<group>"; };
		A30161FC20CEC5AE00BA4EDE /* BasePageViewController.swift */ = {isa = PBXFileReference; lastKnownFileType = sourcecode.swift; path = BasePageViewController.swift; sourceTree = "<group>"; };
		A301D1A020A7FECD007A132B /* UIColor.swift */ = {isa = PBXFileReference; lastKnownFileType = sourcecode.swift; path = UIColor.swift; sourceTree = "<group>"; };
		A301D1A320A80AD0007A132B /* UIView.swift */ = {isa = PBXFileReference; lastKnownFileType = sourcecode.swift; path = UIView.swift; sourceTree = "<group>"; };
		A304FE1A20B30C6C007B3A49 /* RefreshControlExtensions.swift */ = {isa = PBXFileReference; fileEncoding = 4; lastKnownFileType = sourcecode.swift; path = RefreshControlExtensions.swift; sourceTree = "<group>"; };
		A304FE1B20B30C6C007B3A49 /* RefreshControlHeader.swift */ = {isa = PBXFileReference; fileEncoding = 4; lastKnownFileType = sourcecode.swift; path = RefreshControlHeader.swift; sourceTree = "<group>"; };
		A304FE1F20B30CB1007B3A49 /* RefreshControlProtocol.swift */ = {isa = PBXFileReference; lastKnownFileType = sourcecode.swift; path = RefreshControlProtocol.swift; sourceTree = "<group>"; };
		A312F2DC209C856000DF5369 /* Gank4Swifty.app */ = {isa = PBXFileReference; explicitFileType = wrapper.application; includeInIndex = 0; path = Gank4Swifty.app; sourceTree = BUILT_PRODUCTS_DIR; };
		A312F2DF209C856000DF5369 /* AppDelegate.swift */ = {isa = PBXFileReference; lastKnownFileType = sourcecode.swift; path = AppDelegate.swift; sourceTree = "<group>"; };
		A312F2E1209C856000DF5369 /* HomeViewController.swift */ = {isa = PBXFileReference; lastKnownFileType = sourcecode.swift; path = HomeViewController.swift; sourceTree = "<group>"; };
		A312F2E4209C856000DF5369 /* Base */ = {isa = PBXFileReference; lastKnownFileType = file.storyboard; name = Base; path = Base.lproj/Main.storyboard; sourceTree = "<group>"; };
		A312F2E6209C856100DF5369 /* Assets.xcassets */ = {isa = PBXFileReference; lastKnownFileType = folder.assetcatalog; path = Assets.xcassets; sourceTree = "<group>"; };
		A312F2E9209C856100DF5369 /* Base */ = {isa = PBXFileReference; lastKnownFileType = file.storyboard; name = Base; path = Base.lproj/LaunchScreen.storyboard; sourceTree = "<group>"; };
		A312F2EB209C856100DF5369 /* Info.plist */ = {isa = PBXFileReference; lastKnownFileType = text.plist.xml; path = Info.plist; sourceTree = "<group>"; };
		A312F2F0209C856100DF5369 /* Gank4SwiftyTests.xctest */ = {isa = PBXFileReference; explicitFileType = wrapper.cfbundle; includeInIndex = 0; path = Gank4SwiftyTests.xctest; sourceTree = BUILT_PRODUCTS_DIR; };
		A312F2F4209C856100DF5369 /* Gank4SwiftyTests.swift */ = {isa = PBXFileReference; lastKnownFileType = sourcecode.swift; path = Gank4SwiftyTests.swift; sourceTree = "<group>"; };
		A312F2F6209C856100DF5369 /* Info.plist */ = {isa = PBXFileReference; lastKnownFileType = text.plist.xml; path = Info.plist; sourceTree = "<group>"; };
		A312F302209C869D00DF5369 /* APIManager.swift */ = {isa = PBXFileReference; lastKnownFileType = sourcecode.swift; path = APIManager.swift; sourceTree = "<group>"; };
		A312F305209CB08300DF5369 /* DataModel.swift */ = {isa = PBXFileReference; lastKnownFileType = sourcecode.swift; path = DataModel.swift; sourceTree = "<group>"; };
		A312F30B209CB41F00DF5369 /* DateUtils.swift */ = {isa = PBXFileReference; lastKnownFileType = sourcecode.swift; path = DateUtils.swift; sourceTree = "<group>"; };
		A312F310209CBBC100DF5369 /* ModelPresentable.swift */ = {isa = PBXFileReference; lastKnownFileType = sourcecode.swift; path = ModelPresentable.swift; sourceTree = "<group>"; };
		A312F312209CBC0200DF5369 /* DataModelItem.swift */ = {isa = PBXFileReference; lastKnownFileType = sourcecode.swift; path = DataModelItem.swift; sourceTree = "<group>"; };
		A312F318209DDAA000DF5369 /* SearchViewController.swift */ = {isa = PBXFileReference; lastKnownFileType = sourcecode.swift; path = SearchViewController.swift; sourceTree = "<group>"; };
		A323E36C20A677E200D2DAA9 /* CategoryPageViewController.swift */ = {isa = PBXFileReference; lastKnownFileType = sourcecode.swift; path = CategoryPageViewController.swift; sourceTree = "<group>"; };
		A32F24EB209EAB5900C456C2 /* CalendarView.swift */ = {isa = PBXFileReference; lastKnownFileType = sourcecode.swift; path = CalendarView.swift; sourceTree = "<group>"; };
		A32F24ED209F1F7600C456C2 /* CalendarCellViewCollectionViewCell.swift */ = {isa = PBXFileReference; lastKnownFileType = sourcecode.swift; path = CalendarCellViewCollectionViewCell.swift; sourceTree = "<group>"; };
		A330E6D420B420FC001385F0 /* UserCollectionHeader.swift */ = {isa = PBXFileReference; lastKnownFileType = sourcecode.swift; path = UserCollectionHeader.swift; sourceTree = "<group>"; };
		A334E0A020B30EA000CA7828 /* RefreshControlFooter.swift */ = {isa = PBXFileReference; lastKnownFileType = sourcecode.swift; name = RefreshControlFooter.swift; path = "/Users/vg0x00/Desktop/Gank4Swifty/Gank4Swifty/Libs/Refresh Control/RefreshControlFooter.swift"; sourceTree = "<absolute>"; };
		A33FFC2420B3C18500E8B30F /* LocalDataPersistenceManager.swift */ = {isa = PBXFileReference; lastKnownFileType = sourcecode.swift; path = LocalDataPersistenceManager.swift; sourceTree = "<group>"; };
		A361642320A7ED30007FA5AF /* HUDViewController.swift */ = {isa = PBXFileReference; lastKnownFileType = sourcecode.swift; path = HUDViewController.swift; sourceTree = "<group>"; };
		A361642720A7EFB1007FA5AF /* IBDesignableView.swift */ = {isa = PBXFileReference; lastKnownFileType = sourcecode.swift; path = IBDesignableView.swift; sourceTree = "<group>"; };
		A363252220A52DA800C6E5BA /* CategoryViewController.swift */ = {isa = PBXFileReference; lastKnownFileType = sourcecode.swift; path = CategoryViewController.swift; sourceTree = "<group>"; };
		A392D3A620CD1655007DD8A1 /* IBDesignableImageView.swift */ = {isa = PBXFileReference; lastKnownFileType = sourcecode.swift; path = IBDesignableImageView.swift; sourceTree = "<group>"; };
		A3BD8D3520BD1AFC0047411A /* Gank4Swifty.entitlements */ = {isa = PBXFileReference; lastKnownFileType = text.plist.entitlements; path = Gank4Swifty.entitlements; sourceTree = "<group>"; };
		A3C77CF220C50FE7006E887B /* BannerTableViewCell.swift */ = {isa = PBXFileReference; lastKnownFileType = sourcecode.swift; path = BannerTableViewCell.swift; sourceTree = "<group>"; };
		A3C77CF420C64AD0006E887B /* BannerView.xib */ = {isa = PBXFileReference; lastKnownFileType = file.xib; path = BannerView.xib; sourceTree = "<group>"; };
		A3C77CF620C65A09006E887B /* BannerView.swift */ = {isa = PBXFileReference; lastKnownFileType = sourcecode.swift; path = BannerView.swift; sourceTree = "<group>"; };
		A3C77CFA20C69BC1006E887B /* Kingfisher.framework */ = {isa = PBXFileReference; lastKnownFileType = wrapper.framework; name = Kingfisher.framework; path = Carthage/Build/iOS/Kingfisher.framework; sourceTree = "<group>"; };
		A3CA44D620A8876B000CCE4D /* UIViewControllerExtension.swift */ = {isa = PBXFileReference; lastKnownFileType = sourcecode.swift; path = UIViewControllerExtension.swift; sourceTree = "<group>"; };
		A3D2545720BA840F000A28F8 /* CalendarViewController.swift */ = {isa = PBXFileReference; lastKnownFileType = sourcecode.swift; path = CalendarViewController.swift; sourceTree = "<group>"; };
		A3D6A23C20B6909100175274 /* PostViewController.swift */ = {isa = PBXFileReference; lastKnownFileType = sourcecode.swift; path = PostViewController.swift; sourceTree = "<group>"; };
		A3D6A23F20B6A17100175274 /* IBDesignableButton.swift */ = {isa = PBXFileReference; lastKnownFileType = sourcecode.swift; path = IBDesignableButton.swift; sourceTree = "<group>"; };
		A3E75E5520A03FB900CCB95A /* HomeTabelViewCell.swift */ = {isa = PBXFileReference; lastKnownFileType = sourcecode.swift; path = HomeTabelViewCell.swift; sourceTree = "<group>"; };
		A3E75E5620A03FB900CCB95A /* HomeTabelViewCell.xib */ = {isa = PBXFileReference; lastKnownFileType = file.xib; path = HomeTabelViewCell.xib; sourceTree = "<group>"; };
		A3E75E5920A0584E00CCB95A /* HomeTableHeaderView.swift */ = {isa = PBXFileReference; lastKnownFileType = sourcecode.swift; path = HomeTableHeaderView.swift; sourceTree = "<group>"; };
		A3E75E5F20A096E800CCB95A /* DetailViewController.swift */ = {isa = PBXFileReference; lastKnownFileType = sourcecode.swift; path = DetailViewController.swift; sourceTree = "<group>"; };
		A3EE72D520B3E41A00E3EB41 /* UserCollectionViewController.swift */ = {isa = PBXFileReference; lastKnownFileType = sourcecode.swift; path = UserCollectionViewController.swift; sourceTree = "<group>"; };
		A3FD15BD20B6FD85005FFC67 /* UserTableViewController.swift */ = {isa = PBXFileReference; lastKnownFileType = sourcecode.swift; path = UserTableViewController.swift; sourceTree = "<group>"; };
/* End PBXFileReference section */

/* Begin PBXFrameworksBuildPhase section */
		A312F2D9209C856000DF5369 /* Frameworks */ = {
			isa = PBXFrameworksBuildPhase;
			buildActionMask = 2147483647;
			files = (
				A3C77CFB20C69BC1006E887B /* Kingfisher.framework in Frameworks */,
			);
			runOnlyForDeploymentPostprocessing = 0;
		};
		A312F2ED209C856100DF5369 /* Frameworks */ = {
			isa = PBXFrameworksBuildPhase;
			buildActionMask = 2147483647;
			files = (
			);
			runOnlyForDeploymentPostprocessing = 0;
		};
/* End PBXFrameworksBuildPhase section */

/* Begin PBXGroup section */
		A301D1A220A80AB7007A132B /* Extension */ = {
			isa = PBXGroup;
			children = (
				A301D1A020A7FECD007A132B /* UIColor.swift */,
				A301D1A320A80AD0007A132B /* UIView.swift */,
			);
			path = Extension;
			sourceTree = "<group>";
		};
		A304FE1720B30C3C007B3A49 /* Libs */ = {
			isa = PBXGroup;
			children = (
				A3D2545620BA836A000A28F8 /* Calendar View Controller */,
				A36B909820B8692E00E50101 /* HUD View Controller */,
				A3D6A23E20B6A14E00175274 /* IB Designable View */,
				A33FFC2320B3C12F00E8B30F /* Local Data Persistence */,
				A304FE1820B30C49007B3A49 /* Refresh Control */,
			);
			path = Libs;
			sourceTree = "<group>";
		};
		A304FE1820B30C49007B3A49 /* Refresh Control */ = {
			isa = PBXGroup;
			children = (
				A334E0A020B30EA000CA7828 /* RefreshControlFooter.swift */,
				A304FE1A20B30C6C007B3A49 /* RefreshControlExtensions.swift */,
				A304FE1B20B30C6C007B3A49 /* RefreshControlHeader.swift */,
				A304FE1F20B30CB1007B3A49 /* RefreshControlProtocol.swift */,
			);
			path = "Refresh Control";
			sourceTree = "<group>";
		};
		A312F2D3209C856000DF5369 = {
			isa = PBXGroup;
			children = (
				A312F2DE209C856000DF5369 /* Gank4Swifty */,
				A312F2F3209C856100DF5369 /* Gank4SwiftyTests */,
				A312F2DD209C856000DF5369 /* Products */,
				A3FAC81A20BB9A2600DA6F35 /* Frameworks */,
			);
			sourceTree = "<group>";
		};
		A312F2DD209C856000DF5369 /* Products */ = {
			isa = PBXGroup;
			children = (
				A312F2DC209C856000DF5369 /* Gank4Swifty.app */,
				A312F2F0209C856100DF5369 /* Gank4SwiftyTests.xctest */,
			);
			name = Products;
			sourceTree = "<group>";
		};
		A312F2DE209C856000DF5369 /* Gank4Swifty */ = {
			isa = PBXGroup;
			children = (
				A3BD8D3520BD1AFC0047411A /* Gank4Swifty.entitlements */,
				A304FE1720B30C3C007B3A49 /* Libs */,
				A301D1A220A80AB7007A132B /* Extension */,
				A312F30F209CBB7A00DF5369 /* ViewModel */,
				A312F304209CB04B00DF5369 /* Model */,
				A312F30D209CBAF300DF5369 /* View */,
				A312F2FF209C866900DF5369 /* Tools */,
				A312F2DF209C856000DF5369 /* AppDelegate.swift */,
				A312F2E6209C856100DF5369 /* Assets.xcassets */,
				A312F2E8209C856100DF5369 /* LaunchScreen.storyboard */,
				A312F2EB209C856100DF5369 /* Info.plist */,
			);
			path = Gank4Swifty;
			sourceTree = "<group>";
		};
		A312F2F3209C856100DF5369 /* Gank4SwiftyTests */ = {
			isa = PBXGroup;
			children = (
				A312F2F4209C856100DF5369 /* Gank4SwiftyTests.swift */,
				A312F2F6209C856100DF5369 /* Info.plist */,
			);
			path = Gank4SwiftyTests;
			sourceTree = "<group>";
		};
		A312F2FF209C866900DF5369 /* Tools */ = {
			isa = PBXGroup;
			children = (
				A312F302209C869D00DF5369 /* APIManager.swift */,
				A312F30B209CB41F00DF5369 /* DateUtils.swift */,
			);
			path = Tools;
			sourceTree = "<group>";
		};
		A312F304209CB04B00DF5369 /* Model */ = {
			isa = PBXGroup;
			children = (
				A312F305209CB08300DF5369 /* DataModel.swift */,
			);
			path = Model;
			sourceTree = "<group>";
		};
		A312F30D209CBAF300DF5369 /* View */ = {
			isa = PBXGroup;
			children = (
				A36B90A320B90BE300E50101 /* Shared */,
				A36B90A220B90B8500E50101 /* Category View Controller */,
				A36B90A120B90B4400E50101 /* User View Controller */,
				A36B90A020B90AF400E50101 /* Home View Controller */,
				A36B909F20B90ABD00E50101 /* Calendar View */,
				A312F2E3209C856000DF5369 /* Main.storyboard */,
			);
			path = View;
			sourceTree = "<group>";
		};
		A312F30F209CBB7A00DF5369 /* ViewModel */ = {
			isa = PBXGroup;
			children = (
				A312F310209CBBC100DF5369 /* ModelPresentable.swift */,
				A312F312209CBC0200DF5369 /* DataModelItem.swift */,
			);
			path = ViewModel;
			sourceTree = "<group>";
		};
		A33FFC2320B3C12F00E8B30F /* Local Data Persistence */ = {
			isa = PBXGroup;
			children = (
				A33FFC2420B3C18500E8B30F /* LocalDataPersistenceManager.swift */,
			);
			path = "Local Data Persistence";
			sourceTree = "<group>";
		};
		A36B909820B8692E00E50101 /* HUD View Controller */ = {
			isa = PBXGroup;
			children = (
				A361642320A7ED30007FA5AF /* HUDViewController.swift */,
				A3CA44D620A8876B000CCE4D /* UIViewControllerExtension.swift */,
			);
			path = "HUD View Controller";
			sourceTree = "<group>";
		};
		A36B909F20B90ABD00E50101 /* Calendar View */ = {
			isa = PBXGroup;
			children = (
				A32F24ED209F1F7600C456C2 /* CalendarCellViewCollectionViewCell.swift */,
				A32F24EB209EAB5900C456C2 /* CalendarView.swift */,
			);
			path = "Calendar View";
			sourceTree = "<group>";
		};
		A36B90A020B90AF400E50101 /* Home View Controller */ = {
			isa = PBXGroup;
			children = (
				A3E75E5520A03FB900CCB95A /* HomeTabelViewCell.swift */,
				A3E75E5920A0584E00CCB95A /* HomeTableHeaderView.swift */,
				A312F318209DDAA000DF5369 /* SearchViewController.swift */,
				A312F2E1209C856000DF5369 /* HomeViewController.swift */,
				A30161FA20CE9F7500BA4EDE /* GankAction.swift */,
				A3C77CF420C64AD0006E887B /* BannerView.xib */,
				A3C77CF620C65A09006E887B /* BannerView.swift */,
				A3C77CF220C50FE7006E887B /* BannerTableViewCell.swift */,
			);
			path = "Home View Controller";
			sourceTree = "<group>";
		};
		A36B90A120B90B4400E50101 /* User View Controller */ = {
			isa = PBXGroup;
			children = (
				A3FD15BD20B6FD85005FFC67 /* UserTableViewController.swift */,
				A3EE72D520B3E41A00E3EB41 /* UserCollectionViewController.swift */,
				A3D6A23C20B6909100175274 /* PostViewController.swift */,
				A330E6D420B420FC001385F0 /* UserCollectionHeader.swift */,
			);
			path = "User View Controller";
			sourceTree = "<group>";
		};
		A36B90A220B90B8500E50101 /* Category View Controller */ = {
			isa = PBXGroup;
			children = (
				A363252220A52DA800C6E5BA /* CategoryViewController.swift */,
				A323E36C20A677E200D2DAA9 /* CategoryPageViewController.swift */,
			);
			path = "Category View Controller";
			sourceTree = "<group>";
		};
		A36B90A320B90BE300E50101 /* Shared */ = {
			isa = PBXGroup;
			children = (
				A3E75E5620A03FB900CCB95A /* HomeTabelViewCell.xib */,
				A3E75E5F20A096E800CCB95A /* DetailViewController.swift */,
				A30161FC20CEC5AE00BA4EDE /* BasePageViewController.swift */,
			);
			path = Shared;
			sourceTree = "<group>";
		};
		A3D2545620BA836A000A28F8 /* Calendar View Controller */ = {
			isa = PBXGroup;
			children = (
				A3D2545720BA840F000A28F8 /* CalendarViewController.swift */,
			);
			path = "Calendar View Controller";
			sourceTree = "<group>";
		};
		A3D6A23E20B6A14E00175274 /* IB Designable View */ = {
			isa = PBXGroup;
			children = (
				A3D6A23F20B6A17100175274 /* IBDesignableButton.swift */,
				A361642720A7EFB1007FA5AF /* IBDesignableView.swift */,
				A392D3A620CD1655007DD8A1 /* IBDesignableImageView.swift */,
			);
			path = "IB Designable View";
			sourceTree = "<group>";
		};
		A3FAC81A20BB9A2600DA6F35 /* Frameworks */ = {
			isa = PBXGroup;
			children = (
				A3C77CFA20C69BC1006E887B /* Kingfisher.framework */,
			);
			name = Frameworks;
			sourceTree = "<group>";
		};
/* End PBXGroup section */

/* Begin PBXNativeTarget section */
		A312F2DB209C856000DF5369 /* Gank4Swifty */ = {
			isa = PBXNativeTarget;
			buildConfigurationList = A312F2F9209C856100DF5369 /* Build configuration list for PBXNativeTarget "Gank4Swifty" */;
			buildPhases = (
				A312F2D8209C856000DF5369 /* Sources */,
				A312F2D9209C856000DF5369 /* Frameworks */,
				A312F2DA209C856000DF5369 /* Resources */,
				A3207C3720BB97BD00C45F7F /* ShellScript */,
			);
			buildRules = (
			);
			dependencies = (
			);
			name = Gank4Swifty;
			productName = Gank4Swifty;
			productReference = A312F2DC209C856000DF5369 /* Gank4Swifty.app */;
			productType = "com.apple.product-type.application";
		};
		A312F2EF209C856100DF5369 /* Gank4SwiftyTests */ = {
			isa = PBXNativeTarget;
			buildConfigurationList = A312F2FC209C856100DF5369 /* Build configuration list for PBXNativeTarget "Gank4SwiftyTests" */;
			buildPhases = (
				A312F2EC209C856100DF5369 /* Sources */,
				A312F2ED209C856100DF5369 /* Frameworks */,
				A312F2EE209C856100DF5369 /* Resources */,
			);
			buildRules = (
			);
			dependencies = (
				A312F2F2209C856100DF5369 /* PBXTargetDependency */,
			);
			name = Gank4SwiftyTests;
			productName = Gank4SwiftyTests;
			productReference = A312F2F0209C856100DF5369 /* Gank4SwiftyTests.xctest */;
			productType = "com.apple.product-type.bundle.unit-test";
		};
/* End PBXNativeTarget section */

/* Begin PBXProject section */
		A312F2D4209C856000DF5369 /* Project object */ = {
			isa = PBXProject;
			attributes = {
				LastSwiftUpdateCheck = 0930;
				LastUpgradeCheck = 0930;
				ORGANIZATIONNAME = vg0x00;
				TargetAttributes = {
					A312F2DB209C856000DF5369 = {
						CreatedOnToolsVersion = 9.3;
						SystemCapabilities = {
							com.apple.Push = {
								enabled = 1;
							};
						};
					};
					A312F2EF209C856100DF5369 = {
						CreatedOnToolsVersion = 9.3;
						TestTargetID = A312F2DB209C856000DF5369;
					};
				};
			};
			buildConfigurationList = A312F2D7209C856000DF5369 /* Build configuration list for PBXProject "Gank4Swifty" */;
			compatibilityVersion = "Xcode 9.3";
			developmentRegion = en;
			hasScannedForEncodings = 0;
			knownRegions = (
				en,
				Base,
			);
			mainGroup = A312F2D3209C856000DF5369;
			productRefGroup = A312F2DD209C856000DF5369 /* Products */;
			projectDirPath = "";
			projectRoot = "";
			targets = (
				A312F2DB209C856000DF5369 /* Gank4Swifty */,
				A312F2EF209C856100DF5369 /* Gank4SwiftyTests */,
			);
		};
/* End PBXProject section */

/* Begin PBXResourcesBuildPhase section */
		A312F2DA209C856000DF5369 /* Resources */ = {
			isa = PBXResourcesBuildPhase;
			buildActionMask = 2147483647;
			files = (
				A3C77CF520C64AD0006E887B /* BannerView.xib in Resources */,
				A312F2EA209C856100DF5369 /* LaunchScreen.storyboard in Resources */,
				A312F2E7209C856100DF5369 /* Assets.xcassets in Resources */,
				A3E75E5820A03FB900CCB95A /* HomeTabelViewCell.xib in Resources */,
				A312F2E5209C856000DF5369 /* Main.storyboard in Resources */,
			);
			runOnlyForDeploymentPostprocessing = 0;
		};
		A312F2EE209C856100DF5369 /* Resources */ = {
			isa = PBXResourcesBuildPhase;
			buildActionMask = 2147483647;
			files = (
			);
			runOnlyForDeploymentPostprocessing = 0;
		};
/* End PBXResourcesBuildPhase section */

/* Begin PBXShellScriptBuildPhase section */
		A3207C3720BB97BD00C45F7F /* ShellScript */ = {
			isa = PBXShellScriptBuildPhase;
			buildActionMask = 2147483647;
			files = (
			);
			inputPaths = (
				"$(SRCROOT)/Carthage/Build/iOS/Kingfisher.framework",
			);
			outputPaths = (
				"$(BUILT_PRODUCTS_DIR)/$(FRAMEWORKS_FOLDER_PATH)/Kingfisher.framework",
			);
			runOnlyForDeploymentPostprocessing = 0;
			shellPath = /bin/sh;
			shellScript = "/usr/local/bin/carthage copy-frameworks";
		};
/* End PBXShellScriptBuildPhase section */

/* Begin PBXSourcesBuildPhase section */
		A312F2D8209C856000DF5369 /* Sources */ = {
			isa = PBXSourcesBuildPhase;
			buildActionMask = 2147483647;
			files = (
				A3C77CF720C65A09006E887B /* BannerView.swift in Sources */,
				A3E75E6020A096E800CCB95A /* DetailViewController.swift in Sources */,
				A361642820A7EFB1007FA5AF /* IBDesignableView.swift in Sources */,
				A3D6A24020B6A17100175274 /* IBDesignableButton.swift in Sources */,
				A312F303209C869D00DF5369 /* APIManager.swift in Sources */,
				A330E6D520B420FC001385F0 /* UserCollectionHeader.swift in Sources */,
				A361642420A7ED30007FA5AF /* HUDViewController.swift in Sources */,
				A363252320A52DA800C6E5BA /* CategoryViewController.swift in Sources */,
				A301D1A120A7FECD007A132B /* UIColor.swift in Sources */,
				A334E0A120B30EA000CA7828 /* RefreshControlFooter.swift in Sources */,
				A312F311209CBBC100DF5369 /* ModelPresentable.swift in Sources */,
				A3FD15BE20B6FD85005FFC67 /* UserTableViewController.swift in Sources */,
				A312F319209DDAA000DF5369 /* SearchViewController.swift in Sources */,
				A3D2545820BA840F000A28F8 /* CalendarViewController.swift in Sources */,
				A312F306209CB08300DF5369 /* DataModel.swift in Sources */,
				A304FE1D20B30C6C007B3A49 /* RefreshControlExtensions.swift in Sources */,
				A312F30C209CB41F00DF5369 /* DateUtils.swift in Sources */,
				A3E75E5A20A0584E00CCB95A /* HomeTableHeaderView.swift in Sources */,
				A32F24EC209EAB5900C456C2 /* CalendarView.swift in Sources */,
				A3CA44D720A8876B000CCE4D /* UIViewControllerExtension.swift in Sources */,
				A392D3A720CD1655007DD8A1 /* IBDesignableImageView.swift in Sources */,
				A3D6A23D20B6909100175274 /* PostViewController.swift in Sources */,
				A3C77CF320C50FE7006E887B /* BannerTableViewCell.swift in Sources */,
				A3EE72D620B3E41A00E3EB41 /* UserCollectionViewController.swift in Sources */,
				A323E36D20A677E300D2DAA9 /* CategoryPageViewController.swift in Sources */,
				A301D1A420A80AD0007A132B /* UIView.swift in Sources */,
				A30161FD20CEC5AE00BA4EDE /* BasePageViewController.swift in Sources */,
				A304FE1E20B30C6C007B3A49 /* RefreshControlHeader.swift in Sources */,
				A304FE2020B30CB1007B3A49 /* RefreshControlProtocol.swift in Sources */,
				A33FFC2520B3C18500E8B30F /* LocalDataPersistenceManager.swift in Sources */,
				A3E75E5720A03FB900CCB95A /* HomeTabelViewCell.swift in Sources */,
				A312F313209CBC0200DF5369 /* DataModelItem.swift in Sources */,
				A32F24EE209F1F7600C456C2 /* CalendarCellViewCollectionViewCell.swift in Sources */,
				A312F2E2209C856000DF5369 /* HomeViewController.swift in Sources */,
				A30161FB20CE9F7500BA4EDE /* GankAction.swift in Sources */,
				A312F2E0209C856000DF5369 /* AppDelegate.swift in Sources */,
			);
			runOnlyForDeploymentPostprocessing = 0;
		};
		A312F2EC209C856100DF5369 /* Sources */ = {
			isa = PBXSourcesBuildPhase;
			buildActionMask = 2147483647;
			files = (
				A312F2F5209C856100DF5369 /* Gank4SwiftyTests.swift in Sources */,
			);
			runOnlyForDeploymentPostprocessing = 0;
		};
/* End PBXSourcesBuildPhase section */

/* Begin PBXTargetDependency section */
		A312F2F2209C856100DF5369 /* PBXTargetDependency */ = {
			isa = PBXTargetDependency;
			target = A312F2DB209C856000DF5369 /* Gank4Swifty */;
			targetProxy = A312F2F1209C856100DF5369 /* PBXContainerItemProxy */;
		};
/* End PBXTargetDependency section */

/* Begin PBXVariantGroup section */
		A312F2E3209C856000DF5369 /* Main.storyboard */ = {
			isa = PBXVariantGroup;
			children = (
				A312F2E4209C856000DF5369 /* Base */,
			);
			name = Main.storyboard;
			sourceTree = "<group>";
		};
		A312F2E8209C856100DF5369 /* LaunchScreen.storyboard */ = {
			isa = PBXVariantGroup;
			children = (
				A312F2E9209C856100DF5369 /* Base */,
			);
			name = LaunchScreen.storyboard;
			sourceTree = "<group>";
		};
/* End PBXVariantGroup section */

/* Begin XCBuildConfiguration section */
		A312F2F7209C856100DF5369 /* Debug */ = {
			isa = XCBuildConfiguration;
			buildSettings = {
				ALWAYS_SEARCH_USER_PATHS = NO;
				CLANG_ANALYZER_NONNULL = YES;
				CLANG_ANALYZER_NUMBER_OBJECT_CONVERSION = YES_AGGRESSIVE;
				CLANG_CXX_LANGUAGE_STANDARD = "gnu++14";
				CLANG_CXX_LIBRARY = "libc++";
				CLANG_ENABLE_MODULES = YES;
				CLANG_ENABLE_OBJC_ARC = YES;
				CLANG_ENABLE_OBJC_WEAK = YES;
				CLANG_WARN_BLOCK_CAPTURE_AUTORELEASING = YES;
				CLANG_WARN_BOOL_CONVERSION = YES;
				CLANG_WARN_COMMA = YES;
				CLANG_WARN_CONSTANT_CONVERSION = YES;
				CLANG_WARN_DEPRECATED_OBJC_IMPLEMENTATIONS = YES;
				CLANG_WARN_DIRECT_OBJC_ISA_USAGE = YES_ERROR;
				CLANG_WARN_DOCUMENTATION_COMMENTS = YES;
				CLANG_WARN_EMPTY_BODY = YES;
				CLANG_WARN_ENUM_CONVERSION = YES;
				CLANG_WARN_INFINITE_RECURSION = YES;
				CLANG_WARN_INT_CONVERSION = YES;
				CLANG_WARN_NON_LITERAL_NULL_CONVERSION = YES;
				CLANG_WARN_OBJC_IMPLICIT_RETAIN_SELF = YES;
				CLANG_WARN_OBJC_LITERAL_CONVERSION = YES;
				CLANG_WARN_OBJC_ROOT_CLASS = YES_ERROR;
				CLANG_WARN_RANGE_LOOP_ANALYSIS = YES;
				CLANG_WARN_STRICT_PROTOTYPES = YES;
				CLANG_WARN_SUSPICIOUS_MOVE = YES;
				CLANG_WARN_UNGUARDED_AVAILABILITY = YES_AGGRESSIVE;
				CLANG_WARN_UNREACHABLE_CODE = YES;
				CLANG_WARN__DUPLICATE_METHOD_MATCH = YES;
				CODE_SIGN_IDENTITY = "iPhone Developer";
				COPY_PHASE_STRIP = NO;
				DEBUG_INFORMATION_FORMAT = dwarf;
				ENABLE_STRICT_OBJC_MSGSEND = YES;
				ENABLE_TESTABILITY = YES;
				GCC_C_LANGUAGE_STANDARD = gnu11;
				GCC_DYNAMIC_NO_PIC = NO;
				GCC_NO_COMMON_BLOCKS = YES;
				GCC_OPTIMIZATION_LEVEL = 0;
				GCC_PREPROCESSOR_DEFINITIONS = (
					"DEBUG=1",
					"$(inherited)",
				);
				GCC_WARN_64_TO_32_BIT_CONVERSION = YES;
				GCC_WARN_ABOUT_RETURN_TYPE = YES_ERROR;
				GCC_WARN_UNDECLARED_SELECTOR = YES;
				GCC_WARN_UNINITIALIZED_AUTOS = YES_AGGRESSIVE;
				GCC_WARN_UNUSED_FUNCTION = YES;
				GCC_WARN_UNUSED_VARIABLE = YES;
				IPHONEOS_DEPLOYMENT_TARGET = 11.3;
				MTL_ENABLE_DEBUG_INFO = YES;
				ONLY_ACTIVE_ARCH = YES;
				SDKROOT = iphoneos;
				SWIFT_ACTIVE_COMPILATION_CONDITIONS = DEBUG;
				SWIFT_OPTIMIZATION_LEVEL = "-Onone";
			};
			name = Debug;
		};
		A312F2F8209C856100DF5369 /* Release */ = {
			isa = XCBuildConfiguration;
			buildSettings = {
				ALWAYS_SEARCH_USER_PATHS = NO;
				CLANG_ANALYZER_NONNULL = YES;
				CLANG_ANALYZER_NUMBER_OBJECT_CONVERSION = YES_AGGRESSIVE;
				CLANG_CXX_LANGUAGE_STANDARD = "gnu++14";
				CLANG_CXX_LIBRARY = "libc++";
				CLANG_ENABLE_MODULES = YES;
				CLANG_ENABLE_OBJC_ARC = YES;
				CLANG_ENABLE_OBJC_WEAK = YES;
				CLANG_WARN_BLOCK_CAPTURE_AUTORELEASING = YES;
				CLANG_WARN_BOOL_CONVERSION = YES;
				CLANG_WARN_COMMA = YES;
				CLANG_WARN_CONSTANT_CONVERSION = YES;
				CLANG_WARN_DEPRECATED_OBJC_IMPLEMENTATIONS = YES;
				CLANG_WARN_DIRECT_OBJC_ISA_USAGE = YES_ERROR;
				CLANG_WARN_DOCUMENTATION_COMMENTS = YES;
				CLANG_WARN_EMPTY_BODY = YES;
				CLANG_WARN_ENUM_CONVERSION = YES;
				CLANG_WARN_INFINITE_RECURSION = YES;
				CLANG_WARN_INT_CONVERSION = YES;
				CLANG_WARN_NON_LITERAL_NULL_CONVERSION = YES;
				CLANG_WARN_OBJC_IMPLICIT_RETAIN_SELF = YES;
				CLANG_WARN_OBJC_LITERAL_CONVERSION = YES;
				CLANG_WARN_OBJC_ROOT_CLASS = YES_ERROR;
				CLANG_WARN_RANGE_LOOP_ANALYSIS = YES;
				CLANG_WARN_STRICT_PROTOTYPES = YES;
				CLANG_WARN_SUSPICIOUS_MOVE = YES;
				CLANG_WARN_UNGUARDED_AVAILABILITY = YES_AGGRESSIVE;
				CLANG_WARN_UNREACHABLE_CODE = YES;
				CLANG_WARN__DUPLICATE_METHOD_MATCH = YES;
				CODE_SIGN_IDENTITY = "iPhone Developer";
				COPY_PHASE_STRIP = NO;
				DEBUG_INFORMATION_FORMAT = "dwarf-with-dsym";
				ENABLE_NS_ASSERTIONS = NO;
				ENABLE_STRICT_OBJC_MSGSEND = YES;
				GCC_C_LANGUAGE_STANDARD = gnu11;
				GCC_NO_COMMON_BLOCKS = YES;
				GCC_WARN_64_TO_32_BIT_CONVERSION = YES;
				GCC_WARN_ABOUT_RETURN_TYPE = YES_ERROR;
				GCC_WARN_UNDECLARED_SELECTOR = YES;
				GCC_WARN_UNINITIALIZED_AUTOS = YES_AGGRESSIVE;
				GCC_WARN_UNUSED_FUNCTION = YES;
				GCC_WARN_UNUSED_VARIABLE = YES;
				IPHONEOS_DEPLOYMENT_TARGET = 11.3;
				MTL_ENABLE_DEBUG_INFO = NO;
				SDKROOT = iphoneos;
				SWIFT_COMPILATION_MODE = wholemodule;
				SWIFT_OPTIMIZATION_LEVEL = "-O";
				VALIDATE_PRODUCT = YES;
			};
			name = Release;
		};
		A312F2FA209C856100DF5369 /* Debug */ = {
			isa = XCBuildConfiguration;
			buildSettings = {
				ASSETCATALOG_COMPILER_APPICON_NAME = AppIcon;
				CODE_SIGN_ENTITLEMENTS = Gank4Swifty/Gank4Swifty.entitlements;
				CODE_SIGN_STYLE = Automatic;
				DEVELOPMENT_TEAM = 7L2Y4BKMM4;
				FRAMEWORK_SEARCH_PATHS = (
					"$(inherited)",
					"$(PROJECT_DIR)/Carthage/Build/iOS",
				);
				INFOPLIST_FILE = Gank4Swifty/Info.plist;
				IPHONEOS_DEPLOYMENT_TARGET = 10.3;
				LD_RUNPATH_SEARCH_PATHS = (
					"$(inherited)",
					"@executable_path/Frameworks",
				);
				PRODUCT_BUNDLE_IDENTIFIER = com.vg0x00.gank4swifty;
				PRODUCT_NAME = "$(TARGET_NAME)";
				SWIFT_VERSION = 4.0;
				TARGETED_DEVICE_FAMILY = 1;
			};
			name = Debug;
		};
		A312F2FB209C856100DF5369 /* Release */ = {
			isa = XCBuildConfiguration;
			buildSettings = {
				ASSETCATALOG_COMPILER_APPICON_NAME = AppIcon;
				CODE_SIGN_ENTITLEMENTS = Gank4Swifty/Gank4Swifty.entitlements;
				CODE_SIGN_STYLE = Automatic;
				DEVELOPMENT_TEAM = 7L2Y4BKMM4;
				FRAMEWORK_SEARCH_PATHS = (
					"$(inherited)",
					"$(PROJECT_DIR)/Carthage/Build/iOS",
				);
				INFOPLIST_FILE = Gank4Swifty/Info.plist;
				IPHONEOS_DEPLOYMENT_TARGET = 10.3;
				LD_RUNPATH_SEARCH_PATHS = (
					"$(inherited)",
					"@executable_path/Frameworks",
				);
				PRODUCT_BUNDLE_IDENTIFIER = com.vg0x00.gank4swifty;
				PRODUCT_NAME = "$(TARGET_NAME)";
				SWIFT_VERSION = 4.0;
				TARGETED_DEVICE_FAMILY = 1;
			};
			name = Release;
		};
		A312F2FD209C856100DF5369 /* Debug */ = {
			isa = XCBuildConfiguration;
			buildSettings = {
				ALWAYS_EMBED_SWIFT_STANDARD_LIBRARIES = YES;
				BUNDLE_LOADER = "$(TEST_HOST)";
				CODE_SIGN_STYLE = Automatic;
				DEVELOPMENT_TEAM = 7L2Y4BKMM4;
				INFOPLIST_FILE = Gank4SwiftyTests/Info.plist;
				LD_RUNPATH_SEARCH_PATHS = (
					"$(inherited)",
					"@executable_path/Frameworks",
					"@loader_path/Frameworks",
				);
				PRODUCT_BUNDLE_IDENTIFIER = vg0x00.Gank4SwiftyTests;
				PRODUCT_NAME = "$(TARGET_NAME)";
				SWIFT_VERSION = 4.0;
				TARGETED_DEVICE_FAMILY = "1,2";
				TEST_HOST = "$(BUILT_PRODUCTS_DIR)/Gank4Swifty.app/Gank4Swifty";
			};
			name = Debug;
		};
		A312F2FE209C856100DF5369 /* Release */ = {
			isa = XCBuildConfiguration;
			buildSettings = {
				ALWAYS_EMBED_SWIFT_STANDARD_LIBRARIES = YES;
				BUNDLE_LOADER = "$(TEST_HOST)";
				CODE_SIGN_STYLE = Automatic;
				DEVELOPMENT_TEAM = 7L2Y4BKMM4;
				INFOPLIST_FILE = Gank4SwiftyTests/Info.plist;
				LD_RUNPATH_SEARCH_PATHS = (
					"$(inherited)",
					"@executable_path/Frameworks",
					"@loader_path/Frameworks",
				);
				PRODUCT_BUNDLE_IDENTIFIER = vg0x00.Gank4SwiftyTests;
				PRODUCT_NAME = "$(TARGET_NAME)";
				SWIFT_VERSION = 4.0;
				TARGETED_DEVICE_FAMILY = "1,2";
				TEST_HOST = "$(BUILT_PRODUCTS_DIR)/Gank4Swifty.app/Gank4Swifty";
			};
			name = Release;
		};
/* End XCBuildConfiguration section */

/* Begin XCConfigurationList section */
		A312F2D7209C856000DF5369 /* Build configuration list for PBXProject "Gank4Swifty" */ = {
			isa = XCConfigurationList;
			buildConfigurations = (
				A312F2F7209C856100DF5369 /* Debug */,
				A312F2F8209C856100DF5369 /* Release */,
			);
			defaultConfigurationIsVisible = 0;
			defaultConfigurationName = Release;
		};
		A312F2F9209C856100DF5369 /* Build configuration list for PBXNativeTarget "Gank4Swifty" */ = {
			isa = XCConfigurationList;
			buildConfigurations = (
				A312F2FA209C856100DF5369 /* Debug */,
				A312F2FB209C856100DF5369 /* Release */,
			);
			defaultConfigurationIsVisible = 0;
			defaultConfigurationName = Release;
		};
		A312F2FC209C856100DF5369 /* Build configuration list for PBXNativeTarget "Gank4SwiftyTests" */ = {
			isa = XCConfigurationList;
			buildConfigurations = (
				A312F2FD209C856100DF5369 /* Debug */,
				A312F2FE209C856100DF5369 /* Release */,
			);
			defaultConfigurationIsVisible = 0;
			defaultConfigurationName = Release;
		};
/* End XCConfigurationList section */
	};
	rootObject = A312F2D4209C856000DF5369 /* Project object */;
}
